
Microsoft Visual Studio Solution File, Format Version 12.00
# Visual Studio Version 17
VisualStudioVersion = 17.0.32112.339
MinimumVisualStudioVersion = 10.0.40219.1
Project("{2150E333-8FDC-42A3-9474-1A3956D46DE8}") = "src", "src", "{35D680CF-4016-4575-9637-A52A914E58F6}"
EndProject
Project("{9A19103F-16F7-4668-BE54-9A1E7A4F7556}") = "MarcinWojczal.OrmSurvey.App", "src\MarcinWojczal.OrmSurvey.App\MarcinWojczal.OrmSurvey.App.csproj", "{196B94E1-98DA-4CB4-BA9F-9DD14F34FAAD}"
EndProject
Project("{9A19103F-16F7-4668-BE54-9A1E7A4F7556}") = "MarcinWojczal.OrmSurvey.EntityFramework", "src\MarcinWojczal.OrmSurvey.EntityFramework\MarcinWojczal.OrmSurvey.EntityFramework.csproj", "{C3368A2D-68E0-43A8-A90F-C897578E17FF}"
EndProject
Project("{9A19103F-16F7-4668-BE54-9A1E7A4F7556}") = "MarcinWojczal.OrmSurvey.NHibernate", "src\MarcinWojczal.OrmSurvey.NHibernate\MarcinWojczal.OrmSurvey.NHibernate.csproj", "{6D54133F-DFDA-4D2F-989E-7471215BEAD2}"
EndProject
Project("{9A19103F-16F7-4668-BE54-9A1E7A4F7556}") = "MarcinWojczal.OrmSurvey.Dapper", "src\MarcinWojczal.OrmSurvey.Dapper\MarcinWojczal.OrmSurvey.Dapper.csproj", "{F164BD1C-A86E-426A-8BCB-E191879CAEEC}"
EndProject
Project("{9A19103F-16F7-4668-BE54-9A1E7A4F7556}") = "MarcinWojczal.OrmSurvey.Models", "src\MarcinWojczal.OrmSurvey.Models\MarcinWojczal.OrmSurvey.Models.csproj", "{2281B6FF-93FF-4E53-8C40-9398C1F0661F}"
EndProject
Project("{9A19103F-16F7-4668-BE54-9A1E7A4F7556}") = "MarcinWojczal.OrmSurvey.Core", "src\MarcinWojczal.OrmSurvey.Core\MarcinWojczal.OrmSurvey.Core.csproj", "{55463330-E6DF-4FEF-9BAB-D7A78FFD54A6}"
EndProject
Project("{9A19103F-16F7-4668-BE54-9A1E7A4F7556}") = "MarcinWojczal.OrmSurvey.Charts", "src\MarcinWojczal.OrmSurvey.Charts\MarcinWojczal.OrmSurvey.Charts.csproj", "{62DFA05C-6825-45F8-9CE8-763CFB14D970}"
EndProject
Global
	GlobalSection(SolutionConfigurationPlatforms) = preSolution
		Debug|Any CPU = Debug|Any CPU
		Release|Any CPU = Release|Any CPU
	EndGlobalSection
	GlobalSection(ProjectConfigurationPlatforms) = postSolution
		{196B94E1-98DA-4CB4-BA9F-9DD14F34FAAD}.Debug|Any CPU.ActiveCfg = Debug|Any CPU
		{196B94E1-98DA-4CB4-BA9F-9DD14F34FAAD}.Debug|Any CPU.Build.0 = Debug|Any CPU
		{196B94E1-98DA-4CB4-BA9F-9DD14F34FAAD}.Release|Any CPU.ActiveCfg = Release|Any CPU
		{196B94E1-98DA-4CB4-BA9F-9DD14F34FAAD}.Release|Any CPU.Build.0 = Release|Any CPU
		{C3368A2D-68E0-43A8-A90F-C897578E17FF}.Debug|Any CPU.ActiveCfg = Debug|Any CPU
		{C3368A2D-68E0-43A8-A90F-C897578E17FF}.Debug|Any CPU.Build.0 = Debug|Any CPU
		{C3368A2D-68E0-43A8-A90F-C897578E17FF}.Release|Any CPU.ActiveCfg = Release|Any CPU
		{C3368A2D-68E0-43A8-A90F-C897578E17FF}.Release|Any CPU.Build.0 = Release|Any CPU
		{6D54133F-DFDA-4D2F-989E-7471215BEAD2}.Debug|Any CPU.ActiveCfg = Debug|Any CPU
		{6D54133F-DFDA-4D2F-989E-7471215BEAD2}.Debug|Any CPU.Build.0 = Debug|Any CPU
		{6D54133F-DFDA-4D2F-989E-7471215BEAD2}.Release|Any CPU.ActiveCfg = Release|Any CPU
		{6D54133F-DFDA-4D2F-989E-7471215BEAD2}.Release|Any CPU.Build.0 = Release|Any CPU
		{F164BD1C-A86E-426A-8BCB-E191879CAEEC}.Debug|Any CPU.ActiveCfg = Debug|Any CPU
		{F164BD1C-A86E-426A-8BCB-E191879CAEEC}.Debug|Any CPU.Build.0 = Debug|Any CPU
		{F164BD1C-A86E-426A-8BCB-E191879CAEEC}.Release|Any CPU.ActiveCfg = Release|Any CPU
		{F164BD1C-A86E-426A-8BCB-E191879CAEEC}.Release|Any CPU.Build.0 = Release|Any CPU
		{2281B6FF-93FF-4E53-8C40-9398C1F0661F}.Debug|Any CPU.ActiveCfg = Debug|Any CPU
		{2281B6FF-93FF-4E53-8C40-9398C1F0661F}.Debug|Any CPU.Build.0 = Debug|Any CPU
		{2281B6FF-93FF-4E53-8C40-9398C1F0661F}.Release|Any CPU.ActiveCfg = Release|Any CPU
		{2281B6FF-93FF-4E53-8C40-9398C1F0661F}.Release|Any CPU.Build.0 = Release|Any CPU
		{55463330-E6DF-4FEF-9BAB-D7A78FFD54A6}.Debug|Any CPU.ActiveCfg = Debug|Any CPU
		{55463330-E6DF-4FEF-9BAB-D7A78FFD54A6}.Debug|Any CPU.Build.0 = Debug|Any CPU
		{55463330-E6DF-4FEF-9BAB-D7A78FFD54A6}.Release|Any CPU.ActiveCfg = Release|Any CPU
		{55463330-E6DF-4FEF-9BAB-D7A78FFD54A6}.Release|Any CPU.Build.0 = Release|Any CPU
		{62DFA05C-6825-45F8-9CE8-763CFB14D970}.Debug|Any CPU.ActiveCfg = Debug|Any CPU
		{62DFA05C-6825-45F8-9CE8-763CFB14D970}.Debug|Any CPU.Build.0 = Debug|Any CPU
		{62DFA05C-6825-45F8-9CE8-763CFB14D970}.Release|Any CPU.ActiveCfg = Release|Any CPU
		{62DFA05C-6825-45F8-9CE8-763CFB14D970}.Release|Any CPU.Build.0 = Release|Any CPU
	EndGlobalSection
	GlobalSection(SolutionProperties) = preSolution
		HideSolutionNode = FALSE
	EndGlobalSection
	GlobalSection(NestedProjects) = preSolution
		{196B94E1-98DA-4CB4-BA9F-9DD14F34FAAD} = {35D680CF-4016-4575-9637-A52A914E58F6}
		{C3368A2D-68E0-43A8-A90F-C897578E17FF} = {35D680CF-4016-4575-9637-A52A914E58F6}
		{6D54133F-DFDA-4D2F-989E-7471215BEAD2} = {35D680CF-4016-4575-9637-A52A914E58F6}
		{F164BD1C-A86E-426A-8BCB-E191879CAEEC} = {35D680CF-4016-4575-9637-A52A914E58F6}
		{2281B6FF-93FF-4E53-8C40-9398C1F0661F} = {35D680CF-4016-4575-9637-A52A914E58F6}
		{55463330-E6DF-4FEF-9BAB-D7A78FFD54A6} = {35D680CF-4016-4575-9637-A52A914E58F6}
		{62DFA05C-6825-45F8-9CE8-763CFB14D970} = {35D680CF-4016-4575-9637-A52A914E58F6}
	EndGlobalSection
	GlobalSection(ExtensibilityGlobals) = postSolution
		SolutionGuid = {CF00BBDA-F0F3-417D-9237-D6E417C55FD2}
	EndGlobalSection
EndGlobal
